
Microsoft Visual Studio Solution File, Format Version 12.00
# Visual Studio Version 17
VisualStudioVersion = 17.10.34916.146
MinimumVisualStudioVersion = 10.0.40219.1
Project("{8BC9CEB8-8B4A-11D0-8D11-00A0C91BC942}") = "MainApp", "MainApp\MainApp.vcxproj", "{35C4B541-7D5A-486E-8282-CFF0E645F742}"
EndProject
Project("{8BC9CEB8-8B4A-11D0-8D11-00A0C91BC942}") = "MainDll", "MainDll\MainDll.vcxproj", "{7D176D91-3215-4F96-91D5-C2E88837B7CA}"
EndProject
Project("{8BC9CEB8-8B4A-11D0-8D11-00A0C91BC942}") = "HijackerDll", "HijackerDll\HijackerDll.vcxproj", "{7B5D5034-3BAF-4FF0-987D-C56231CEFDB2}"
EndProject
Global
	GlobalSection(SolutionConfigurationPlatforms) = preSolution
		Debug|x64 = Debug|x64
		Debug|x86 = Debug|x86
		Release|x64 = Release|x64
		Release|x86 = Release|x86
	EndGlobalSection
	GlobalSection(ProjectConfigurationPlatforms) = postSolution
		{35C4B541-7D5A-486E-8282-CFF0E645F742}.Debug|x64.ActiveCfg = Debug|x64
		{35C4B541-7D5A-486E-8282-CFF0E645F742}.Debug|x64.Build.0 = Debug|x64
		{35C4B541-7D5A-486E-8282-CFF0E645F742}.Debug|x86.ActiveCfg = Debug|Win32
		{35C4B541-7D5A-486E-8282-CFF0E645F742}.Debug|x86.Build.0 = Debug|Win32
		{35C4B541-7D5A-486E-8282-CFF0E645F742}.Release|x64.ActiveCfg = Release|x64
		{35C4B541-7D5A-486E-8282-CFF0E645F742}.Release|x64.Build.0 = Release|x64
		{35C4B541-7D5A-486E-8282-CFF0E645F742}.Release|x86.ActiveCfg = Release|Win32
		{35C4B541-7D5A-486E-8282-CFF0E645F742}.Release|x86.Build.0 = Release|Win32
		{7D176D91-3215-4F96-91D5-C2E88837B7CA}.Debug|x64.ActiveCfg = Debug|x64
		{7D176D91-3215-4F96-91D5-C2E88837B7CA}.Debug|x64.Build.0 = Debug|x64
		{7D176D91-3215-4F96-91D5-C2E88837B7CA}.Debug|x86.ActiveCfg = Debug|Win32
		{7D176D91-3215-4F96-91D5-C2E88837B7CA}.Debug|x86.Build.0 = Debug|Win32
		{7D176D91-3215-4F96-91D5-C2E88837B7CA}.Release|x64.ActiveCfg = Release|x64
		{7D176D91-3215-4F96-91D5-C2E88837B7CA}.Release|x64.Build.0 = Release|x64
		{7D176D91-3215-4F96-91D5-C2E88837B7CA}.Release|x86.ActiveCfg = Release|Win32
		{7D176D91-3215-4F96-91D5-C2E88837B7CA}.Release|x86.Build.0 = Release|Win32
		{7B5D5034-3BAF-4FF0-987D-C56231CEFDB2}.Debug|x64.ActiveCfg = Debug|x64
		{7B5D5034-3BAF-4FF0-987D-C56231CEFDB2}.Debug|x64.Build.0 = Debug|x64
		{7B5D5034-3BAF-4FF0-987D-C56231CEFDB2}.Debug|x86.ActiveCfg = Debug|Win32
		{7B5D5034-3BAF-4FF0-987D-C56231CEFDB2}.Debug|x86.Build.0 = Debug|Win32
		{7B5D5034-3BAF-4FF0-987D-C56231CEFDB2}.Release|x64.ActiveCfg = Release|x64
		{7B5D5034-3BAF-4FF0-987D-C56231CEFDB2}.Release|x64.Build.0 = Release|x64
		{7B5D5034-3BAF-4FF0-987D-C56231CEFDB2}.Release|x86.ActiveCfg = Release|Win32
		{7B5D5034-3BAF-4FF0-987D-C56231CEFDB2}.Release|x86.Build.0 = Release|Win32
	EndGlobalSection
	GlobalSection(SolutionProperties) = preSolution
		HideSolutionNode = FALSE
	EndGlobalSection
	GlobalSection(ExtensibilityGlobals) = postSolution
		SolutionGuid = {14869BD6-8AD9-4044-BD7D-E9526C84B1AD}
	EndGlobalSection
EndGlobal
